// !$*UTF8*$!
{
	archiveVersion = 1;
	classes = {
	};
	objectVersion = 46;
	objects = {

/* Begin PBXBuildFile section */
		D072CF871C19245200DDBA92 /* Butler.h in Headers */ = {isa = PBXBuildFile; fileRef = D072CF861C19245200DDBA92 /* Butler.h */; settings = {ATTRIBUTES = (Public, ); }; };
		D072CF8E1C19245200DDBA92 /* Butler.framework in Frameworks */ = {isa = PBXBuildFile; fileRef = D072CF831C19245200DDBA92 /* Butler.framework */; };
		D072CF931C19245200DDBA92 /* ButlerTests.swift in Sources */ = {isa = PBXBuildFile; fileRef = D072CF921C19245200DDBA92 /* ButlerTests.swift */; };
		D072CF9E1C19245F00DDBA92 /* Butler.swift in Sources */ = {isa = PBXBuildFile; fileRef = D072CF9D1C19245F00DDBA92 /* Butler.swift */; };
		D072CFB51C1B313C00DDBA92 /* Extensions.swift in Sources */ = {isa = PBXBuildFile; fileRef = D072CFB41C1B313C00DDBA92 /* Extensions.swift */; };
		D072CFB71C1B31D500DDBA92 /* Operators.swift in Sources */ = {isa = PBXBuildFile; fileRef = D072CFB61C1B31D500DDBA92 /* Operators.swift */; };
/* End PBXBuildFile section */

/* Begin PBXContainerItemProxy section */
		D072CF8F1C19245200DDBA92 /* PBXContainerItemProxy */ = {
			isa = PBXContainerItemProxy;
			containerPortal = D072CF7A1C19245200DDBA92 /* Project object */;
			proxyType = 1;
			remoteGlobalIDString = D072CF821C19245200DDBA92;
			remoteInfo = Butler;
		};
/* End PBXContainerItemProxy section */

/* Begin PBXFileReference section */
		D072CF831C19245200DDBA92 /* Butler.framework */ = {isa = PBXFileReference; explicitFileType = wrapper.framework; includeInIndex = 0; path = Butler.framework; sourceTree = BUILT_PRODUCTS_DIR; };
		D072CF861C19245200DDBA92 /* Butler.h */ = {isa = PBXFileReference; lastKnownFileType = sourcecode.c.h; path = Butler.h; sourceTree = "<group>"; };
		D072CF881C19245200DDBA92 /* Info.plist */ = {isa = PBXFileReference; lastKnownFileType = text.plist.xml; path = Info.plist; sourceTree = "<group>"; };
		D072CF8D1C19245200DDBA92 /* ButlerTests.xctest */ = {isa = PBXFileReference; explicitFileType = wrapper.cfbundle; includeInIndex = 0; path = ButlerTests.xctest; sourceTree = BUILT_PRODUCTS_DIR; };
		D072CF921C19245200DDBA92 /* ButlerTests.swift */ = {isa = PBXFileReference; lastKnownFileType = sourcecode.swift; path = ButlerTests.swift; sourceTree = "<group>"; };
		D072CF941C19245200DDBA92 /* Info.plist */ = {isa = PBXFileReference; lastKnownFileType = text.plist.xml; path = Info.plist; sourceTree = "<group>"; };
		D072CF9D1C19245F00DDBA92 /* Butler.swift */ = {isa = PBXFileReference; fileEncoding = 4; lastKnownFileType = sourcecode.swift; path = Butler.swift; sourceTree = "<group>"; };
		D072CFB41C1B313C00DDBA92 /* Extensions.swift */ = {isa = PBXFileReference; fileEncoding = 4; lastKnownFileType = sourcecode.swift; path = Extensions.swift; sourceTree = "<group>"; };
		D072CFB61C1B31D500DDBA92 /* Operators.swift */ = {isa = PBXFileReference; fileEncoding = 4; lastKnownFileType = sourcecode.swift; path = Operators.swift; sourceTree = "<group>"; };
/* End PBXFileReference section */

/* Begin PBXFrameworksBuildPhase section */
		D072CF7F1C19245200DDBA92 /* Frameworks */ = {
			isa = PBXFrameworksBuildPhase;
			buildActionMask = 2147483647;
			files = (
			);
			runOnlyForDeploymentPostprocessing = 0;
		};
		D072CF8A1C19245200DDBA92 /* Frameworks */ = {
			isa = PBXFrameworksBuildPhase;
			buildActionMask = 2147483647;
			files = (
				D072CF8E1C19245200DDBA92 /* Butler.framework in Frameworks */,
			);
			runOnlyForDeploymentPostprocessing = 0;
		};
/* End PBXFrameworksBuildPhase section */

/* Begin PBXGroup section */
		D072CF791C19245200DDBA92 = {
			isa = PBXGroup;
			children = (
				D072CF851C19245200DDBA92 /* Butler */,
				D072CF911C19245200DDBA92 /* ButlerTests */,
				D072CF841C19245200DDBA92 /* Products */,
			);
			sourceTree = "<group>";
		};
		D072CF841C19245200DDBA92 /* Products */ = {
			isa = PBXGroup;
			children = (
				D072CF831C19245200DDBA92 /* Butler.framework */,
				D072CF8D1C19245200DDBA92 /* ButlerTests.xctest */,
			);
			name = Products;
			sourceTree = "<group>";
		};
		D072CF851C19245200DDBA92 /* Butler */ = {
			isa = PBXGroup;
			children = (
				D072CF861C19245200DDBA92 /* Butler.h */,
				D072CF881C19245200DDBA92 /* Info.plist */,
				D072CF9D1C19245F00DDBA92 /* Butler.swift */,
				D072CFB41C1B313C00DDBA92 /* Extensions.swift */,
				D072CFB61C1B31D500DDBA92 /* Operators.swift */,
			);
			path = Butler;
			sourceTree = "<group>";
		};
		D072CF911C19245200DDBA92 /* ButlerTests */ = {
			isa = PBXGroup;
			children = (
				D072CF921C19245200DDBA92 /* ButlerTests.swift */,
				D072CF941C19245200DDBA92 /* Info.plist */,
			);
			path = ButlerTests;
			sourceTree = "<group>";
		};
/* End PBXGroup section */

/* Begin PBXHeadersBuildPhase section */
		D072CF801C19245200DDBA92 /* Headers */ = {
			isa = PBXHeadersBuildPhase;
			buildActionMask = 2147483647;
			files = (
				D072CF871C19245200DDBA92 /* Butler.h in Headers */,
			);
			runOnlyForDeploymentPostprocessing = 0;
		};
/* End PBXHeadersBuildPhase section */

/* Begin PBXNativeTarget section */
		D072CF821C19245200DDBA92 /* Butler */ = {
			isa = PBXNativeTarget;
			buildConfigurationList = D072CF971C19245200DDBA92 /* Build configuration list for PBXNativeTarget "Butler" */;
			buildPhases = (
				D072CF7E1C19245200DDBA92 /* Sources */,
				D072CF7F1C19245200DDBA92 /* Frameworks */,
				D072CF801C19245200DDBA92 /* Headers */,
				D072CF811C19245200DDBA92 /* Resources */,
			);
			buildRules = (
			);
			dependencies = (
			);
			name = Butler;
			productName = Butler;
			productReference = D072CF831C19245200DDBA92 /* Butler.framework */;
			productType = "com.apple.product-type.framework";
		};
		D072CF8C1C19245200DDBA92 /* ButlerTests */ = {
			isa = PBXNativeTarget;
			buildConfigurationList = D072CF9A1C19245200DDBA92 /* Build configuration list for PBXNativeTarget "ButlerTests" */;
			buildPhases = (
				D072CF891C19245200DDBA92 /* Sources */,
				D072CF8A1C19245200DDBA92 /* Frameworks */,
				D072CF8B1C19245200DDBA92 /* Resources */,
			);
			buildRules = (
			);
			dependencies = (
				D072CF901C19245200DDBA92 /* PBXTargetDependency */,
			);
			name = ButlerTests;
			productName = ButlerTests;
			productReference = D072CF8D1C19245200DDBA92 /* ButlerTests.xctest */;
			productType = "com.apple.product-type.bundle.unit-test";
		};
/* End PBXNativeTarget section */

/* Begin PBXProject section */
		D072CF7A1C19245200DDBA92 /* Project object */ = {
			isa = PBXProject;
			attributes = {
				LastSwiftUpdateCheck = 0720;
				LastUpgradeCheck = 0720;
				ORGANIZATIONNAME = "922am Burrito";
				TargetAttributes = {
					D072CF821C19245200DDBA92 = {
						CreatedOnToolsVersion = 7.2;
					};
					D072CF8C1C19245200DDBA92 = {
						CreatedOnToolsVersion = 7.2;
					};
				};
			};
			buildConfigurationList = D072CF7D1C19245200DDBA92 /* Build configuration list for PBXProject "Butler" */;
			compatibilityVersion = "Xcode 3.2";
			developmentRegion = English;
			hasScannedForEncodings = 0;
			knownRegions = (
				en,
			);
			mainGroup = D072CF791C19245200DDBA92;
			productRefGroup = D072CF841C19245200DDBA92 /* Products */;
			projectDirPath = "";
			projectRoot = "";
			targets = (
				D072CF821C19245200DDBA92 /* Butler */,
				D072CF8C1C19245200DDBA92 /* ButlerTests */,
			);
		};
/* End PBXProject section */

/* Begin PBXResourcesBuildPhase section */
		D072CF811C19245200DDBA92 /* Resources */ = {
			isa = PBXResourcesBuildPhase;
			buildActionMask = 2147483647;
			files = (
			);
			runOnlyForDeploymentPostprocessing = 0;
		};
		D072CF8B1C19245200DDBA92 /* Resources */ = {
			isa = PBXResourcesBuildPhase;
			buildActionMask = 2147483647;
			files = (
			);
			runOnlyForDeploymentPostprocessing = 0;
		};
/* End PBXResourcesBuildPhase section */

/* Begin PBXSourcesBuildPhase section */
		D072CF7E1C19245200DDBA92 /* Sources */ = {
			isa = PBXSourcesBuildPhase;
			buildActionMask = 2147483647;
			files = (
				D072CF9E1C19245F00DDBA92 /* Butler.swift in Sources */,
				D072CFB51C1B313C00DDBA92 /* Extensions.swift in Sources */,
				D072CFB71C1B31D500DDBA92 /* Operators.swift in Sources */,
			);
			runOnlyForDeploymentPostprocessing = 0;
		};
		D072CF891C19245200DDBA92 /* Sources */ = {
			isa = PBXSourcesBuildPhase;
			buildActionMask = 2147483647;
			files = (
				D072CF931C19245200DDBA92 /* ButlerTests.swift in Sources */,
			);
			runOnlyForDeploymentPostprocessing = 0;
		};
/* End PBXSourcesBuildPhase section */

/* Begin PBXTargetDependency section */
		D072CF901C19245200DDBA92 /* PBXTargetDependency */ = {
			isa = PBXTargetDependency;
			target = D072CF821C19245200DDBA92 /* Butler */;
			targetProxy = D072CF8F1C19245200DDBA92 /* PBXContainerItemProxy */;
		};
/* End PBXTargetDependency section */

/* Begin XCBuildConfiguration section */
		D072CF951C19245200DDBA92 /* Debug */ = {
			isa = XCBuildConfiguration;
			buildSettings = {
				ALWAYS_SEARCH_USER_PATHS = NO;
				CLANG_CXX_LANGUAGE_STANDARD = "gnu++0x";
				CLANG_CXX_LIBRARY = "libc++";
				CLANG_ENABLE_MODULES = YES;
				CLANG_ENABLE_OBJC_ARC = YES;
				CLANG_WARN_BOOL_CONVERSION = YES;
				CLANG_WARN_CONSTANT_CONVERSION = YES;
				CLANG_WARN_DIRECT_OBJC_ISA_USAGE = YES_ERROR;
				CLANG_WARN_EMPTY_BODY = YES;
				CLANG_WARN_ENUM_CONVERSION = YES;
				CLANG_WARN_INT_CONVERSION = YES;
				CLANG_WARN_OBJC_ROOT_CLASS = YES_ERROR;
				CLANG_WARN_UNREACHABLE_CODE = YES;
				CLANG_WARN__DUPLICATE_METHOD_MATCH = YES;
				"CODE_SIGN_IDENTITY[sdk=iphoneos*]" = "iPhone Developer";
				COPY_PHASE_STRIP = NO;
				CURRENT_PROJECT_VERSION = 1;
				DEBUG_INFORMATION_FORMAT = dwarf;
				ENABLE_STRICT_OBJC_MSGSEND = YES;
				ENABLE_TESTABILITY = YES;
				GCC_C_LANGUAGE_STANDARD = gnu99;
				GCC_DYNAMIC_NO_PIC = NO;
				GCC_NO_COMMON_BLOCKS = YES;
				GCC_OPTIMIZATION_LEVEL = 0;
				GCC_PREPROCESSOR_DEFINITIONS = (
					"DEBUG=1",
					"$(inherited)",
				);
				GCC_WARN_64_TO_32_BIT_CONVERSION = YES;
				GCC_WARN_ABOUT_RETURN_TYPE = YES_ERROR;
				GCC_WARN_UNDECLARED_SELECTOR = YES;
				GCC_WARN_UNINITIALIZED_AUTOS = YES_AGGRESSIVE;
				GCC_WARN_UNUSED_FUNCTION = YES;
				GCC_WARN_UNUSED_VARIABLE = YES;
				IPHONEOS_DEPLOYMENT_TARGET = 9.2;
				MTL_ENABLE_DEBUG_INFO = YES;
				ONLY_ACTIVE_ARCH = YES;
				SDKROOT = iphoneos;
				SWIFT_OPTIMIZATION_LEVEL = "-Onone";
				TARGETED_DEVICE_FAMILY = "1,2";
				VERSIONING_SYSTEM = "apple-generic";
				VERSION_INFO_PREFIX = "";
			};
			name = Debug;
		};
		D072CF961C19245200DDBA92 /* Release */ = {
			isa = XCBuildConfiguration;
			buildSettings = {
				ALWAYS_SEARCH_USER_PATHS = NO;
				CLANG_CXX_LANGUAGE_STANDARD = "gnu++0x";
				CLANG_CXX_LIBRARY = "libc++";
				CLANG_ENABLE_MODULES = YES;
				CLANG_ENABLE_OBJC_ARC = YES;
				CLANG_WARN_BOOL_CONVERSION = YES;
				CLANG_WARN_CONSTANT_CONVERSION = YES;
				CLANG_WARN_DIRECT_OBJC_ISA_USAGE = YES_ERROR;
				CLANG_WARN_EMPTY_BODY = YES;
				CLANG_WARN_ENUM_CONVERSION = YES;
				CLANG_WARN_INT_CONVERSION = YES;
				CLANG_WARN_OBJC_ROOT_CLASS = YES_ERROR;
				CLANG_WARN_UNREACHABLE_CODE = YES;
				CLANG_WARN__DUPLICATE_METHOD_MATCH = YES;
				"CODE_SIGN_IDENTITY[sdk=iphoneos*]" = "iPhone Developer";
				COPY_PHASE_STRIP = NO;
				CURRENT_PROJECT_VERSION = 1;
				DEBUG_INFORMATION_FORMAT = "dwarf-with-dsym";
				ENABLE_NS_ASSERTIONS = NO;
				ENABLE_STRICT_OBJC_MSGSEND = YES;
				GCC_C_LANGUAGE_STANDARD = gnu99;
				GCC_NO_COMMON_BLOCKS = YES;
				GCC_WARN_64_TO_32_BIT_CONVERSION = YES;
				GCC_WARN_ABOUT_RETURN_TYPE = YES_ERROR;
				GCC_WARN_UNDECLARED_SELECTOR = YES;
				GCC_WARN_UNINITIALIZED_AUTOS = YES_AGGRESSIVE;
				GCC_WARN_UNUSED_FUNCTION = YES;
				GCC_WARN_UNUSED_VARIABLE = YES;
				IPHONEOS_DEPLOYMENT_TARGET = 9.2;
				MTL_ENABLE_DEBUG_INFO = NO;
				SDKROOT = iphoneos;
				TARGETED_DEVICE_FAMILY = "1,2";
				VALIDATE_PRODUCT = YES;
				VERSIONING_SYSTEM = "apple-generic";
				VERSION_INFO_PREFIX = "";
			};
			name = Release;
		};
		D072CF981C19245200DDBA92 /* Debug */ = {
			isa = XCBuildConfiguration;
			buildSettings = {
				CLANG_ENABLE_MODULES = YES;
				DEFINES_MODULE = YES;
				DYLIB_COMPATIBILITY_VERSION = 1;
				DYLIB_CURRENT_VERSION = 1;
				DYLIB_INSTALL_NAME_BASE = "@rpath";
				INFOPLIST_FILE = Butler/Info.plist;
				INSTALL_PATH = "$(LOCAL_LIBRARY_DIR)/Frameworks";
				IPHONEOS_DEPLOYMENT_TARGET = 8.0;
				LD_RUNPATH_SEARCH_PATHS = "$(inherited) @executable_path/Frameworks @loader_path/Frameworks";
				PRODUCT_BUNDLE_IDENTIFIER = am.922.Butler;
				PRODUCT_NAME = "$(TARGET_NAME)";
				SKIP_INSTALL = YES;
				SWIFT_OPTIMIZATION_LEVEL = "-Onone";
			};
			name = Debug;
		};
		D072CF991C19245200DDBA92 /* Release */ = {
			isa = XCBuildConfiguration;
			buildSettings = {
				CLANG_ENABLE_MODULES = YES;
				DEFINES_MODULE = YES;
				DYLIB_COMPATIBILITY_VERSION = 1;
				DYLIB_CURRENT_VERSION = 1;
				DYLIB_INSTALL_NAME_BASE = "@rpath";
				INFOPLIST_FILE = Butler/Info.plist;
				INSTALL_PATH = "$(LOCAL_LIBRARY_DIR)/Frameworks";
				IPHONEOS_DEPLOYMENT_TARGET = 8.0;
				LD_RUNPATH_SEARCH_PATHS = "$(inherited) @executable_path/Frameworks @loader_path/Frameworks";
				PRODUCT_BUNDLE_IDENTIFIER = am.922.Butler;
				PRODUCT_NAME = "$(TARGET_NAME)";
				SKIP_INSTALL = YES;
			};
			name = Release;
		};
		D072CF9B1C19245200DDBA92 /* Debug */ = {
			isa = XCBuildConfiguration;
			buildSettings = {
				INFOPLIST_FILE = ButlerTests/Info.plist;
				LD_RUNPATH_SEARCH_PATHS = "$(inherited) @executable_path/Frameworks @loader_path/Frameworks";
				PRODUCT_BUNDLE_IDENTIFIER = am.922.ButlerTests;
				PRODUCT_NAME = "$(TARGET_NAME)";
			};
			name = Debug;
		};
		D072CF9C1C19245200DDBA92 /* Release */ = {
			isa = XCBuildConfiguration;
			buildSettings = {
				INFOPLIST_FILE = ButlerTests/Info.plist;
				LD_RUNPATH_SEARCH_PATHS = "$(inherited) @executable_path/Frameworks @loader_path/Frameworks";
				PRODUCT_BUNDLE_IDENTIFIER = am.922.ButlerTests;
				PRODUCT_NAME = "$(TARGET_NAME)";
			};
			name = Release;
		};
/* End XCBuildConfiguration section */

/* Begin XCConfigurationList section */
		D072CF7D1C19245200DDBA92 /* Build configuration list for PBXProject "Butler" */ = {
			isa = XCConfigurationList;
			buildConfigurations = (
				D072CF951C19245200DDBA92 /* Debug */,
				D072CF961C19245200DDBA92 /* Release */,
			);
			defaultConfigurationIsVisible = 0;
			defaultConfigurationName = Release;
		};
		D072CF971C19245200DDBA92 /* Build configuration list for PBXNativeTarget "Butler" */ = {
			isa = XCConfigurationList;
			buildConfigurations = (
				D072CF981C19245200DDBA92 /* Debug */,
				D072CF991C19245200DDBA92 /* Release */,
			);
			defaultConfigurationIsVisible = 0;
			defaultConfigurationName = Release;
		};
		D072CF9A1C19245200DDBA92 /* Build configuration list for PBXNativeTarget "ButlerTests" */ = {
			isa = XCConfigurationList;
			buildConfigurations = (
				D072CF9B1C19245200DDBA92 /* Debug */,
				D072CF9C1C19245200DDBA92 /* Release */,
			);
			defaultConfigurationIsVisible = 0;
			defaultConfigurationName = Release;
		};
/* End XCConfigurationList section */
	};
	rootObject = D072CF7A1C19245200DDBA92 /* Project object */;
}
